
Microsoft Visual Studio Solution File, Format Version 12.00
# Visual Studio Version 17
VisualStudioVersion = 17.7.34202.233
MinimumVisualStudioVersion = 10.0.40219.1
Project("{9A19103F-16F7-4668-BE54-9A1E7A4F7556}") = "OrderBookTests", "OrderBookTests\OrderBookTests.csproj", "{440DDC93-A06B-49EF-93ED-CE46286F5AC5}"
EndProject
Project("{2150E333-8FDC-42A3-9474-1A3956D46DE8}") = "Presentation", "Presentation", "{9073E923-5D0E-43C7-89C9-26467711132A}"
EndProject
Project("{2150E333-8FDC-42A3-9474-1A3956D46DE8}") = "Tests", "Tests", "{146F2C23-7DD6-4DA3-A78A-6281248D6947}"
EndProject
Project("{2150E333-8FDC-42A3-9474-1A3956D46DE8}") = "Core", "Core", "{BB22D076-8203-421C-9C79-2202B3E70D8D}"
EndProject
Project("{9A19103F-16F7-4668-BE54-9A1E7A4F7556}") = "Client.BlazorWebAssembly", "Client.BlazorWebAssembly\Client.BlazorWebAssembly.csproj", "{2B41E600-4FC8-407B-BDEB-AA9DDB0B89BB}"
EndProject
Project("{9A19103F-16F7-4668-BE54-9A1E7A4F7556}") = "Client.ConsoleApp", "Client.ConsoleApp\Client.ConsoleApp.csproj", "{2F62515B-3632-4CED-B1C2-CCB6CE285CEC}"
EndProject
Project("{9A19103F-16F7-4668-BE54-9A1E7A4F7556}") = "Infrastructure.Exchange", "Exchange\Infrastructure.Exchange.csproj", "{3AFB2D62-9D62-44E4-8656-0D50539F6E5D}"
EndProject
Project("{2150E333-8FDC-42A3-9474-1A3956D46DE8}") = "Infrastructure", "Infrastructure", "{28929D94-F63E-4632-8653-F19550A3BED1}"
EndProject
Project("{9A19103F-16F7-4668-BE54-9A1E7A4F7556}") = "Client.Exchange.ConsoleApp", "Exchange.ConsoleApp\Client.Exchange.ConsoleApp.csproj", "{97328BC3-BB19-41C9-AD45-3E9EBF917069}"
EndProject
Project("{9A19103F-16F7-4668-BE54-9A1E7A4F7556}") = "ConsoleAppLibrary", "ConsoleAppLibrary\ConsoleAppLibrary.csproj", "{800741E6-0414-4E90-B936-B8E45F6FC1C8}"
EndProject
Project("{2150E333-8FDC-42A3-9474-1A3956D46DE8}") = "Shared", "Shared", "{C553B9D2-84A6-4A24-8326-34FB3F9E05C8}"
EndProject
Project("{9A19103F-16F7-4668-BE54-9A1E7A4F7556}") = "Helpers", "Helpers\Helpers.csproj", "{822E8E80-5FF4-440D-94B3-ABE24F2364AF}"
EndProject
Project("{9A19103F-16F7-4668-BE54-9A1E7A4F7556}") = "Exchange.Api", "Exchange.Api\Exchange.Api.csproj", "{AA492316-DA82-4F45-9F20-62E0ED1A27CC}"
EndProject
Project("{9A19103F-16F7-4668-BE54-9A1E7A4F7556}") = "Client.CommandLineApp", "CommandLineApp\Client.CommandLineApp.csproj", "{4E55514A-142E-4D4F-9938-E024BC39C726}"
EndProject
Project("{9A19103F-16F7-4668-BE54-9A1E7A4F7556}") = "Application", "level1-open-limit-order-book\Application.csproj", "{AD8FC62B-F589-4A2D-884A-6706E7596DCC}"
EndProject
Global
	GlobalSection(SolutionConfigurationPlatforms) = preSolution
		Debug|Any CPU = Debug|Any CPU
		Release|Any CPU = Release|Any CPU
	EndGlobalSection
	GlobalSection(ProjectConfigurationPlatforms) = postSolution
		{440DDC93-A06B-49EF-93ED-CE46286F5AC5}.Debug|Any CPU.ActiveCfg = Debug|Any CPU
		{440DDC93-A06B-49EF-93ED-CE46286F5AC5}.Debug|Any CPU.Build.0 = Debug|Any CPU
		{440DDC93-A06B-49EF-93ED-CE46286F5AC5}.Release|Any CPU.ActiveCfg = Release|Any CPU
		{440DDC93-A06B-49EF-93ED-CE46286F5AC5}.Release|Any CPU.Build.0 = Release|Any CPU
		{2B41E600-4FC8-407B-BDEB-AA9DDB0B89BB}.Debug|Any CPU.ActiveCfg = Debug|Any CPU
		{2B41E600-4FC8-407B-BDEB-AA9DDB0B89BB}.Debug|Any CPU.Build.0 = Debug|Any CPU
		{2B41E600-4FC8-407B-BDEB-AA9DDB0B89BB}.Release|Any CPU.ActiveCfg = Release|Any CPU
		{2B41E600-4FC8-407B-BDEB-AA9DDB0B89BB}.Release|Any CPU.Build.0 = Release|Any CPU
		{2F62515B-3632-4CED-B1C2-CCB6CE285CEC}.Debug|Any CPU.ActiveCfg = Debug|Any CPU
		{2F62515B-3632-4CED-B1C2-CCB6CE285CEC}.Debug|Any CPU.Build.0 = Debug|Any CPU
		{2F62515B-3632-4CED-B1C2-CCB6CE285CEC}.Release|Any CPU.ActiveCfg = Release|Any CPU
		{2F62515B-3632-4CED-B1C2-CCB6CE285CEC}.Release|Any CPU.Build.0 = Release|Any CPU
		{3AFB2D62-9D62-44E4-8656-0D50539F6E5D}.Debug|Any CPU.ActiveCfg = Debug|Any CPU
		{3AFB2D62-9D62-44E4-8656-0D50539F6E5D}.Debug|Any CPU.Build.0 = Debug|Any CPU
		{3AFB2D62-9D62-44E4-8656-0D50539F6E5D}.Release|Any CPU.ActiveCfg = Release|Any CPU
		{3AFB2D62-9D62-44E4-8656-0D50539F6E5D}.Release|Any CPU.Build.0 = Release|Any CPU
		{97328BC3-BB19-41C9-AD45-3E9EBF917069}.Debug|Any CPU.ActiveCfg = Debug|Any CPU
		{97328BC3-BB19-41C9-AD45-3E9EBF917069}.Debug|Any CPU.Build.0 = Debug|Any CPU
		{97328BC3-BB19-41C9-AD45-3E9EBF917069}.Release|Any CPU.ActiveCfg = Release|Any CPU
		{97328BC3-BB19-41C9-AD45-3E9EBF917069}.Release|Any CPU.Build.0 = Release|Any CPU
		{800741E6-0414-4E90-B936-B8E45F6FC1C8}.Debug|Any CPU.ActiveCfg = Debug|Any CPU
		{800741E6-0414-4E90-B936-B8E45F6FC1C8}.Debug|Any CPU.Build.0 = Debug|Any CPU
		{800741E6-0414-4E90-B936-B8E45F6FC1C8}.Release|Any CPU.ActiveCfg = Release|Any CPU
		{800741E6-0414-4E90-B936-B8E45F6FC1C8}.Release|Any CPU.Build.0 = Release|Any CPU
		{822E8E80-5FF4-440D-94B3-ABE24F2364AF}.Debug|Any CPU.ActiveCfg = Debug|Any CPU
		{822E8E80-5FF4-440D-94B3-ABE24F2364AF}.Debug|Any CPU.Build.0 = Debug|Any CPU
		{822E8E80-5FF4-440D-94B3-ABE24F2364AF}.Release|Any CPU.ActiveCfg = Release|Any CPU
		{822E8E80-5FF4-440D-94B3-ABE24F2364AF}.Release|Any CPU.Build.0 = Release|Any CPU
		{AA492316-DA82-4F45-9F20-62E0ED1A27CC}.Debug|Any CPU.ActiveCfg = Debug|Any CPU
		{AA492316-DA82-4F45-9F20-62E0ED1A27CC}.Debug|Any CPU.Build.0 = Debug|Any CPU
		{AA492316-DA82-4F45-9F20-62E0ED1A27CC}.Release|Any CPU.ActiveCfg = Release|Any CPU
		{AA492316-DA82-4F45-9F20-62E0ED1A27CC}.Release|Any CPU.Build.0 = Release|Any CPU
		{4E55514A-142E-4D4F-9938-E024BC39C726}.Debug|Any CPU.ActiveCfg = Debug|Any CPU
		{4E55514A-142E-4D4F-9938-E024BC39C726}.Debug|Any CPU.Build.0 = Debug|Any CPU
		{4E55514A-142E-4D4F-9938-E024BC39C726}.Release|Any CPU.ActiveCfg = Release|Any CPU
		{4E55514A-142E-4D4F-9938-E024BC39C726}.Release|Any CPU.Build.0 = Release|Any CPU
		{AD8FC62B-F589-4A2D-884A-6706E7596DCC}.Debug|Any CPU.ActiveCfg = Debug|Any CPU
		{AD8FC62B-F589-4A2D-884A-6706E7596DCC}.Debug|Any CPU.Build.0 = Debug|Any CPU
		{AD8FC62B-F589-4A2D-884A-6706E7596DCC}.Release|Any CPU.ActiveCfg = Release|Any CPU
		{AD8FC62B-F589-4A2D-884A-6706E7596DCC}.Release|Any CPU.Build.0 = Release|Any CPU
	EndGlobalSection
	GlobalSection(SolutionProperties) = preSolution
		HideSolutionNode = FALSE
	EndGlobalSection
	GlobalSection(NestedProjects) = preSolution
		{440DDC93-A06B-49EF-93ED-CE46286F5AC5} = {146F2C23-7DD6-4DA3-A78A-6281248D6947}
		{2B41E600-4FC8-407B-BDEB-AA9DDB0B89BB} = {9073E923-5D0E-43C7-89C9-26467711132A}
		{2F62515B-3632-4CED-B1C2-CCB6CE285CEC} = {9073E923-5D0E-43C7-89C9-26467711132A}
		{3AFB2D62-9D62-44E4-8656-0D50539F6E5D} = {28929D94-F63E-4632-8653-F19550A3BED1}
		{97328BC3-BB19-41C9-AD45-3E9EBF917069} = {9073E923-5D0E-43C7-89C9-26467711132A}
		{800741E6-0414-4E90-B936-B8E45F6FC1C8} = {9073E923-5D0E-43C7-89C9-26467711132A}
		{822E8E80-5FF4-440D-94B3-ABE24F2364AF} = {C553B9D2-84A6-4A24-8326-34FB3F9E05C8}
		{AA492316-DA82-4F45-9F20-62E0ED1A27CC} = {9073E923-5D0E-43C7-89C9-26467711132A}
		{4E55514A-142E-4D4F-9938-E024BC39C726} = {9073E923-5D0E-43C7-89C9-26467711132A}
		{AD8FC62B-F589-4A2D-884A-6706E7596DCC} = {BB22D076-8203-421C-9C79-2202B3E70D8D}
	EndGlobalSection
	GlobalSection(ExtensibilityGlobals) = postSolution
		SolutionGuid = {56C96DF7-1280-4E1F-8A5A-8718D0EBA2AA}
	EndGlobalSection
EndGlobal
